{
    "_readme": [
        "This file locks the dependencies of your project to a known state",
        "Read more about it at https://getcomposer.org/doc/01-basic-usage.md#installing-dependencies",
        "This file is @generated automatically"
    ],
    "content-hash": "562d970b42c1acc9b1d159a895f15e41",
    "packages": [
        {
            "name": "eoe2005/gphplib",
            "version": "0.0.6",
            "source": {
                "type": "git",
                "url": "https://github.com/eoe2005/gphplib.git",
                "reference": "1363e96bc71eb525c1c7d83f0463eabb22fad154"
            },
            "dist": {
                "type": "zip",
                "url": "https://api.github.com/repos/eoe2005/gphplib/zipball/1363e96bc71eb525c1c7d83f0463eabb22fad154",
                "reference": "1363e96bc71eb525c1c7d83f0463eabb22fad154",
                "shasum": ""
            },
            "type": "library",
            "autoload": {
                "psr-4": {
                    "G\\": "src/"
                }
            },
            "notification-url": "https://packagist.org/downloads/",
            "license": [
                "MIT"
            ],
            "authors": [
                {
                    "name": "吃掉大象的蚂蚁",
                    "email": "eoe2005@qq.com"
                }
            ],
            "homepage": "https://github.com/eoe2005/gphplib",
            "support": {
                "issues": "https://github.com/eoe2005/gphplib/issues",
                "source": "https://github.com/eoe2005/gphplib/tree/0.0.6"
            },
            "time": "2024-08-12T14:38:07+00:00"
        }
    ],
    "packages-dev": [],
    "aliases": [],
    "minimum-stability": "stable",
    "stability-flags": [],
    "prefer-stable": false,
    "prefer-lowest": false,
    "platform": [],
    "platform-dev": [],
    "plugin-api-version": "2.6.0"
}
