{
    "_readme": [
        "This file locks the dependencies of your project to a known state",
        "Read more about it at https://getcomposer.org/doc/01-basic-usage.md#installing-dependencies",
        "This file is @generated automatically"
    ],
    "content-hash": "afa8c4590f936bb2782eb977d4d32ad8",
    "packages": [
        {
            "name": "eoe2005/gphplib",
            "version": "0.0.1",
            "source": {
                "type": "git",
                "url": "https://github.com/eoe2005/gphplib.git",
                "reference": "67f63e1610aabb0810ca377ced05b13f85cfddf4"
            },
            "dist": {
                "type": "zip",
                "url": "https://api.github.com/repos/eoe2005/gphplib/zipball/67f63e1610aabb0810ca377ced05b13f85cfddf4",
                "reference": "67f63e1610aabb0810ca377ced05b13f85cfddf4",
                "shasum": ""
            },
            "type": "library",
            "autoload": {
                "psr-4": {
                    "G\\": "src/"
                }
            },
            "notification-url": "https://packagist.org/downloads/",
            "license": [
                "MIT"
            ],
            "authors": [
                {
                    "name": "吃掉大象的蚂蚁",
                    "email": "eoe2005@qq.com"
                }
            ],
            "homepage": "https://github.com/eoe2005/gphplib",
            "support": {
                "issues": "https://github.com/eoe2005/gphplib/issues",
                "source": "https://github.com/eoe2005/gphplib/tree/0.0.1"
            },
            "time": "2024-07-30T14:24:31+00:00"
        }
    ],
    "packages-dev": [],
    "aliases": [],
    "minimum-stability": "stable",
    "stability-flags": [],
    "prefer-stable": false,
    "prefer-lowest": false,
    "platform": [],
    "platform-dev": [],
    "plugin-api-version": "2.6.0"
}
